
Microsoft Visual Studio Solution File, Format Version 12.00
# Visual Studio Version 17
VisualStudioVersion = 17.0.31903.59
MinimumVisualStudioVersion = 10.0.40219.1
Project("{FAE04EC0-301F-11D3-BF4B-00C04F79EFBC}") = "backend.Domain", "backend.Domain\backend.Domain.csproj", "{14790935-81D5-4BE0-86CF-812E33756990}"
EndProject
Project("{FAE04EC0-301F-11D3-BF4B-00C04F79EFBC}") = "backend.Infrastructure", "backend.Infrastructure\backend.Infrastructure.csproj", "{C1E3A12B-CA6C-47B0-AD53-DE963EAD0B8A}"
EndProject
Project("{FAE04EC0-301F-11D3-BF4B-00C04F79EFBC}") = "backend.Shared", "backend.Shared\backend.Shared.csproj", "{3F2FD71C-4520-4CC7-B5C6-3E50FA6BAAA8}"
EndProject
Project("{FAE04EC0-301F-11D3-BF4B-00C04F79EFBC}") = "backend.Tasks", "backend.Tasks\backend.Tasks.csproj", "{95C8179D-A955-4C1E-87BB-F23F7911D5AF}"
EndProject
Project("{FAE04EC0-301F-11D3-BF4B-00C04F79EFBC}") = "backend.Orders", "backend.Orders\backend.Orders.csproj", "{0ABDD515-9A9B-4F3E-97F2-25DCB4E5FCAD}"
EndProject
Project("{FAE04EC0-301F-11D3-BF4B-00C04F79EFBC}") = "backend.Payments", "backend.Payments\backend.Payments.csproj", "{518BA645-B3C2-44A3-B3C9-578AEEACEAF7}"
EndProject
Project("{FAE04EC0-301F-11D3-BF4B-00C04F79EFBC}") = "backend.Users", "backend.Users\backend.Users.csproj", "{DA6F048A-0BC8-4EBD-A3BA-5632B30AA7F0}"
EndProject
Project("{FAE04EC0-301F-11D3-BF4B-00C04F79EFBC}") = "backend.Api", "backend.Api\backend.Api.csproj", "{997FEFB4-4149-447B-8D71-DF3ADABFB27E}"
EndProject
Project("{FAE04EC0-301F-11D3-BF4B-00C04F79EFBC}") = "backend.ServiceDefaults", "backend.ServiceDefaults\backend.ServiceDefaults.csproj", "{C75C1F7A-C65B-432F-9217-A8AA6A271AA3}"
EndProject
Project("{FAE04EC0-301F-11D3-BF4B-00C04F79EFBC}") = "backend.Auth.Api", "backend.Auth.Api\backend.Auth.Api.csproj", "{E784CBB2-6443-45C0-AAC9-EAE59E134E3C}"
EndProject
Project("{FAE04EC0-301F-11D3-BF4B-00C04F79EFBC}") = "backend.Tasks.Api", "backend.Tasks.Api\backend.Tasks.Api.csproj", "{191B4300-C520-43CD-B6BA-F30CA3085387}"
EndProject
Project("{FAE04EC0-301F-11D3-BF4B-00C04F79EFBC}") = "backend.AppHost", "backend.AppHost\backend.AppHost.csproj", "{FCF7FDC6-FE56-44BC-AA55-23E09A32E283}"
EndProject
Project("{FAE04EC0-301F-11D3-BF4B-00C04F79EFBC}") = "backend.Orders.Api", "backend.Orders.Api\backend.Orders.Api.csproj", "{BCF877A4-357A-4197-96CF-8B1C15E4CDA7}"
EndProject
Global
	GlobalSection(SolutionConfigurationPlatforms) = preSolution
		Debug|Any CPU = Debug|Any CPU
		Debug|x64 = Debug|x64
		Debug|x86 = Debug|x86
		Release|Any CPU = Release|Any CPU
		Release|x64 = Release|x64
		Release|x86 = Release|x86
	EndGlobalSection
	GlobalSection(ProjectConfigurationPlatforms) = postSolution
		{14790935-81D5-4BE0-86CF-812E33756990}.Debug|Any CPU.ActiveCfg = Debug|Any CPU
		{14790935-81D5-4BE0-86CF-812E33756990}.Debug|Any CPU.Build.0 = Debug|Any CPU
		{14790935-81D5-4BE0-86CF-812E33756990}.Debug|x64.ActiveCfg = Debug|Any CPU
		{14790935-81D5-4BE0-86CF-812E33756990}.Debug|x64.Build.0 = Debug|Any CPU
		{14790935-81D5-4BE0-86CF-812E33756990}.Debug|x86.ActiveCfg = Debug|Any CPU
		{14790935-81D5-4BE0-86CF-812E33756990}.Debug|x86.Build.0 = Debug|Any CPU
		{14790935-81D5-4BE0-86CF-812E33756990}.Release|Any CPU.ActiveCfg = Release|Any CPU
		{14790935-81D5-4BE0-86CF-812E33756990}.Release|Any CPU.Build.0 = Release|Any CPU
		{14790935-81D5-4BE0-86CF-812E33756990}.Release|x64.ActiveCfg = Release|Any CPU
		{14790935-81D5-4BE0-86CF-812E33756990}.Release|x64.Build.0 = Release|Any CPU
		{14790935-81D5-4BE0-86CF-812E33756990}.Release|x86.ActiveCfg = Release|Any CPU
		{14790935-81D5-4BE0-86CF-812E33756990}.Release|x86.Build.0 = Release|Any CPU
		{C1E3A12B-CA6C-47B0-AD53-DE963EAD0B8A}.Debug|Any CPU.ActiveCfg = Debug|Any CPU
		{C1E3A12B-CA6C-47B0-AD53-DE963EAD0B8A}.Debug|Any CPU.Build.0 = Debug|Any CPU
		{C1E3A12B-CA6C-47B0-AD53-DE963EAD0B8A}.Debug|x64.ActiveCfg = Debug|Any CPU
		{C1E3A12B-CA6C-47B0-AD53-DE963EAD0B8A}.Debug|x64.Build.0 = Debug|Any CPU
		{C1E3A12B-CA6C-47B0-AD53-DE963EAD0B8A}.Debug|x86.ActiveCfg = Debug|Any CPU
		{C1E3A12B-CA6C-47B0-AD53-DE963EAD0B8A}.Debug|x86.Build.0 = Debug|Any CPU
		{C1E3A12B-CA6C-47B0-AD53-DE963EAD0B8A}.Release|Any CPU.ActiveCfg = Release|Any CPU
		{C1E3A12B-CA6C-47B0-AD53-DE963EAD0B8A}.Release|Any CPU.Build.0 = Release|Any CPU
		{C1E3A12B-CA6C-47B0-AD53-DE963EAD0B8A}.Release|x64.ActiveCfg = Release|Any CPU
		{C1E3A12B-CA6C-47B0-AD53-DE963EAD0B8A}.Release|x64.Build.0 = Release|Any CPU
		{C1E3A12B-CA6C-47B0-AD53-DE963EAD0B8A}.Release|x86.ActiveCfg = Release|Any CPU
		{C1E3A12B-CA6C-47B0-AD53-DE963EAD0B8A}.Release|x86.Build.0 = Release|Any CPU
		{3F2FD71C-4520-4CC7-B5C6-3E50FA6BAAA8}.Debug|Any CPU.ActiveCfg = Debug|Any CPU
		{3F2FD71C-4520-4CC7-B5C6-3E50FA6BAAA8}.Debug|Any CPU.Build.0 = Debug|Any CPU
		{3F2FD71C-4520-4CC7-B5C6-3E50FA6BAAA8}.Debug|x64.ActiveCfg = Debug|Any CPU
		{3F2FD71C-4520-4CC7-B5C6-3E50FA6BAAA8}.Debug|x64.Build.0 = Debug|Any CPU
		{3F2FD71C-4520-4CC7-B5C6-3E50FA6BAAA8}.Debug|x86.ActiveCfg = Debug|Any CPU
		{3F2FD71C-4520-4CC7-B5C6-3E50FA6BAAA8}.Debug|x86.Build.0 = Debug|Any CPU
		{3F2FD71C-4520-4CC7-B5C6-3E50FA6BAAA8}.Release|Any CPU.ActiveCfg = Release|Any CPU
		{3F2FD71C-4520-4CC7-B5C6-3E50FA6BAAA8}.Release|Any CPU.Build.0 = Release|Any CPU
		{3F2FD71C-4520-4CC7-B5C6-3E50FA6BAAA8}.Release|x64.ActiveCfg = Release|Any CPU
		{3F2FD71C-4520-4CC7-B5C6-3E50FA6BAAA8}.Release|x64.Build.0 = Release|Any CPU
		{3F2FD71C-4520-4CC7-B5C6-3E50FA6BAAA8}.Release|x86.ActiveCfg = Release|Any CPU
		{3F2FD71C-4520-4CC7-B5C6-3E50FA6BAAA8}.Release|x86.Build.0 = Release|Any CPU
		{95C8179D-A955-4C1E-87BB-F23F7911D5AF}.Debug|Any CPU.ActiveCfg = Debug|Any CPU
		{95C8179D-A955-4C1E-87BB-F23F7911D5AF}.Debug|Any CPU.Build.0 = Debug|Any CPU
		{95C8179D-A955-4C1E-87BB-F23F7911D5AF}.Debug|x64.ActiveCfg = Debug|Any CPU
		{95C8179D-A955-4C1E-87BB-F23F7911D5AF}.Debug|x64.Build.0 = Debug|Any CPU
		{95C8179D-A955-4C1E-87BB-F23F7911D5AF}.Debug|x86.ActiveCfg = Debug|Any CPU
		{95C8179D-A955-4C1E-87BB-F23F7911D5AF}.Debug|x86.Build.0 = Debug|Any CPU
		{95C8179D-A955-4C1E-87BB-F23F7911D5AF}.Release|Any CPU.ActiveCfg = Release|Any CPU
		{95C8179D-A955-4C1E-87BB-F23F7911D5AF}.Release|Any CPU.Build.0 = Release|Any CPU
		{95C8179D-A955-4C1E-87BB-F23F7911D5AF}.Release|x64.ActiveCfg = Release|Any CPU
		{95C8179D-A955-4C1E-87BB-F23F7911D5AF}.Release|x64.Build.0 = Release|Any CPU
		{95C8179D-A955-4C1E-87BB-F23F7911D5AF}.Release|x86.ActiveCfg = Release|Any CPU
		{95C8179D-A955-4C1E-87BB-F23F7911D5AF}.Release|x86.Build.0 = Release|Any CPU
		{0ABDD515-9A9B-4F3E-97F2-25DCB4E5FCAD}.Debug|Any CPU.ActiveCfg = Debug|Any CPU
		{0ABDD515-9A9B-4F3E-97F2-25DCB4E5FCAD}.Debug|Any CPU.Build.0 = Debug|Any CPU
		{0ABDD515-9A9B-4F3E-97F2-25DCB4E5FCAD}.Debug|x64.ActiveCfg = Debug|Any CPU
		{0ABDD515-9A9B-4F3E-97F2-25DCB4E5FCAD}.Debug|x64.Build.0 = Debug|Any CPU
		{0ABDD515-9A9B-4F3E-97F2-25DCB4E5FCAD}.Debug|x86.ActiveCfg = Debug|Any CPU
		{0ABDD515-9A9B-4F3E-97F2-25DCB4E5FCAD}.Debug|x86.Build.0 = Debug|Any CPU
		{0ABDD515-9A9B-4F3E-97F2-25DCB4E5FCAD}.Release|Any CPU.ActiveCfg = Release|Any CPU
		{0ABDD515-9A9B-4F3E-97F2-25DCB4E5FCAD}.Release|Any CPU.Build.0 = Release|Any CPU
		{0ABDD515-9A9B-4F3E-97F2-25DCB4E5FCAD}.Release|x64.ActiveCfg = Release|Any CPU
		{0ABDD515-9A9B-4F3E-97F2-25DCB4E5FCAD}.Release|x64.Build.0 = Release|Any CPU
		{0ABDD515-9A9B-4F3E-97F2-25DCB4E5FCAD}.Release|x86.ActiveCfg = Release|Any CPU
		{0ABDD515-9A9B-4F3E-97F2-25DCB4E5FCAD}.Release|x86.Build.0 = Release|Any CPU
		{518BA645-B3C2-44A3-B3C9-578AEEACEAF7}.Debug|Any CPU.ActiveCfg = Debug|Any CPU
		{518BA645-B3C2-44A3-B3C9-578AEEACEAF7}.Debug|Any CPU.Build.0 = Debug|Any CPU
		{518BA645-B3C2-44A3-B3C9-578AEEACEAF7}.Debug|x64.ActiveCfg = Debug|Any CPU
		{518BA645-B3C2-44A3-B3C9-578AEEACEAF7}.Debug|x64.Build.0 = Debug|Any CPU
		{518BA645-B3C2-44A3-B3C9-578AEEACEAF7}.Debug|x86.ActiveCfg = Debug|Any CPU
		{518BA645-B3C2-44A3-B3C9-578AEEACEAF7}.Debug|x86.Build.0 = Debug|Any CPU
		{518BA645-B3C2-44A3-B3C9-578AEEACEAF7}.Release|Any CPU.ActiveCfg = Release|Any CPU
		{518BA645-B3C2-44A3-B3C9-578AEEACEAF7}.Release|Any CPU.Build.0 = Release|Any CPU
		{518BA645-B3C2-44A3-B3C9-578AEEACEAF7}.Release|x64.ActiveCfg = Release|Any CPU
		{518BA645-B3C2-44A3-B3C9-578AEEACEAF7}.Release|x64.Build.0 = Release|Any CPU
		{518BA645-B3C2-44A3-B3C9-578AEEACEAF7}.Release|x86.ActiveCfg = Release|Any CPU
		{518BA645-B3C2-44A3-B3C9-578AEEACEAF7}.Release|x86.Build.0 = Release|Any CPU
		{DA6F048A-0BC8-4EBD-A3BA-5632B30AA7F0}.Debug|Any CPU.ActiveCfg = Debug|Any CPU
		{DA6F048A-0BC8-4EBD-A3BA-5632B30AA7F0}.Debug|Any CPU.Build.0 = Debug|Any CPU
		{DA6F048A-0BC8-4EBD-A3BA-5632B30AA7F0}.Debug|x64.ActiveCfg = Debug|Any CPU
		{DA6F048A-0BC8-4EBD-A3BA-5632B30AA7F0}.Debug|x64.Build.0 = Debug|Any CPU
		{DA6F048A-0BC8-4EBD-A3BA-5632B30AA7F0}.Debug|x86.ActiveCfg = Debug|Any CPU
		{DA6F048A-0BC8-4EBD-A3BA-5632B30AA7F0}.Debug|x86.Build.0 = Debug|Any CPU
		{DA6F048A-0BC8-4EBD-A3BA-5632B30AA7F0}.Release|Any CPU.ActiveCfg = Release|Any CPU
		{DA6F048A-0BC8-4EBD-A3BA-5632B30AA7F0}.Release|Any CPU.Build.0 = Release|Any CPU
		{DA6F048A-0BC8-4EBD-A3BA-5632B30AA7F0}.Release|x64.ActiveCfg = Release|Any CPU
		{DA6F048A-0BC8-4EBD-A3BA-5632B30AA7F0}.Release|x64.Build.0 = Release|Any CPU
		{DA6F048A-0BC8-4EBD-A3BA-5632B30AA7F0}.Release|x86.ActiveCfg = Release|Any CPU
		{DA6F048A-0BC8-4EBD-A3BA-5632B30AA7F0}.Release|x86.Build.0 = Release|Any CPU
		{997FEFB4-4149-447B-8D71-DF3ADABFB27E}.Debug|Any CPU.ActiveCfg = Debug|Any CPU
		{997FEFB4-4149-447B-8D71-DF3ADABFB27E}.Debug|Any CPU.Build.0 = Debug|Any CPU
		{997FEFB4-4149-447B-8D71-DF3ADABFB27E}.Debug|x64.ActiveCfg = Debug|Any CPU
		{997FEFB4-4149-447B-8D71-DF3ADABFB27E}.Debug|x64.Build.0 = Debug|Any CPU
		{997FEFB4-4149-447B-8D71-DF3ADABFB27E}.Debug|x86.ActiveCfg = Debug|Any CPU
		{997FEFB4-4149-447B-8D71-DF3ADABFB27E}.Debug|x86.Build.0 = Debug|Any CPU
		{997FEFB4-4149-447B-8D71-DF3ADABFB27E}.Release|Any CPU.ActiveCfg = Release|Any CPU
		{997FEFB4-4149-447B-8D71-DF3ADABFB27E}.Release|Any CPU.Build.0 = Release|Any CPU
		{997FEFB4-4149-447B-8D71-DF3ADABFB27E}.Release|x64.ActiveCfg = Release|Any CPU
		{997FEFB4-4149-447B-8D71-DF3ADABFB27E}.Release|x64.Build.0 = Release|Any CPU
		{997FEFB4-4149-447B-8D71-DF3ADABFB27E}.Release|x86.ActiveCfg = Release|Any CPU
		{997FEFB4-4149-447B-8D71-DF3ADABFB27E}.Release|x86.Build.0 = Release|Any CPU
		{C75C1F7A-C65B-432F-9217-A8AA6A271AA3}.Debug|Any CPU.ActiveCfg = Debug|Any CPU
		{C75C1F7A-C65B-432F-9217-A8AA6A271AA3}.Debug|Any CPU.Build.0 = Debug|Any CPU
		{C75C1F7A-C65B-432F-9217-A8AA6A271AA3}.Debug|x64.ActiveCfg = Debug|Any CPU
		{C75C1F7A-C65B-432F-9217-A8AA6A271AA3}.Debug|x64.Build.0 = Debug|Any CPU
		{C75C1F7A-C65B-432F-9217-A8AA6A271AA3}.Debug|x86.ActiveCfg = Debug|Any CPU
		{C75C1F7A-C65B-432F-9217-A8AA6A271AA3}.Debug|x86.Build.0 = Debug|Any CPU
		{C75C1F7A-C65B-432F-9217-A8AA6A271AA3}.Release|Any CPU.ActiveCfg = Release|Any CPU
		{C75C1F7A-C65B-432F-9217-A8AA6A271AA3}.Release|Any CPU.Build.0 = Release|Any CPU
		{C75C1F7A-C65B-432F-9217-A8AA6A271AA3}.Release|x64.ActiveCfg = Release|Any CPU
		{C75C1F7A-C65B-432F-9217-A8AA6A271AA3}.Release|x64.Build.0 = Release|Any CPU
		{C75C1F7A-C65B-432F-9217-A8AA6A271AA3}.Release|x86.ActiveCfg = Release|Any CPU
		{C75C1F7A-C65B-432F-9217-A8AA6A271AA3}.Release|x86.Build.0 = Release|Any CPU
		{E784CBB2-6443-45C0-AAC9-EAE59E134E3C}.Debug|Any CPU.ActiveCfg = Debug|Any CPU
		{E784CBB2-6443-45C0-AAC9-EAE59E134E3C}.Debug|Any CPU.Build.0 = Debug|Any CPU
		{E784CBB2-6443-45C0-AAC9-EAE59E134E3C}.Debug|x64.ActiveCfg = Debug|Any CPU
		{E784CBB2-6443-45C0-AAC9-EAE59E134E3C}.Debug|x64.Build.0 = Debug|Any CPU
		{E784CBB2-6443-45C0-AAC9-EAE59E134E3C}.Debug|x86.ActiveCfg = Debug|Any CPU
		{E784CBB2-6443-45C0-AAC9-EAE59E134E3C}.Debug|x86.Build.0 = Debug|Any CPU
		{E784CBB2-6443-45C0-AAC9-EAE59E134E3C}.Release|Any CPU.ActiveCfg = Release|Any CPU
		{E784CBB2-6443-45C0-AAC9-EAE59E134E3C}.Release|Any CPU.Build.0 = Release|Any CPU
		{E784CBB2-6443-45C0-AAC9-EAE59E134E3C}.Release|x64.ActiveCfg = Release|Any CPU
		{E784CBB2-6443-45C0-AAC9-EAE59E134E3C}.Release|x64.Build.0 = Release|Any CPU
		{E784CBB2-6443-45C0-AAC9-EAE59E134E3C}.Release|x86.ActiveCfg = Release|Any CPU
		{E784CBB2-6443-45C0-AAC9-EAE59E134E3C}.Release|x86.Build.0 = Release|Any CPU
		{191B4300-C520-43CD-B6BA-F30CA3085387}.Debug|Any CPU.ActiveCfg = Debug|Any CPU
		{191B4300-C520-43CD-B6BA-F30CA3085387}.Debug|Any CPU.Build.0 = Debug|Any CPU
		{191B4300-C520-43CD-B6BA-F30CA3085387}.Debug|x64.ActiveCfg = Debug|Any CPU
		{191B4300-C520-43CD-B6BA-F30CA3085387}.Debug|x64.Build.0 = Debug|Any CPU
		{191B4300-C520-43CD-B6BA-F30CA3085387}.Debug|x86.ActiveCfg = Debug|Any CPU
		{191B4300-C520-43CD-B6BA-F30CA3085387}.Debug|x86.Build.0 = Debug|Any CPU
		{191B4300-C520-43CD-B6BA-F30CA3085387}.Release|Any CPU.ActiveCfg = Release|Any CPU
		{191B4300-C520-43CD-B6BA-F30CA3085387}.Release|Any CPU.Build.0 = Release|Any CPU
		{191B4300-C520-43CD-B6BA-F30CA3085387}.Release|x64.ActiveCfg = Release|Any CPU
		{191B4300-C520-43CD-B6BA-F30CA3085387}.Release|x64.Build.0 = Release|Any CPU
		{191B4300-C520-43CD-B6BA-F30CA3085387}.Release|x86.ActiveCfg = Release|Any CPU
		{191B4300-C520-43CD-B6BA-F30CA3085387}.Release|x86.Build.0 = Release|Any CPU
		{FCF7FDC6-FE56-44BC-AA55-23E09A32E283}.Debug|Any CPU.ActiveCfg = Debug|Any CPU
		{FCF7FDC6-FE56-44BC-AA55-23E09A32E283}.Debug|Any CPU.Build.0 = Debug|Any CPU
		{FCF7FDC6-FE56-44BC-AA55-23E09A32E283}.Debug|x64.ActiveCfg = Debug|Any CPU
		{FCF7FDC6-FE56-44BC-AA55-23E09A32E283}.Debug|x64.Build.0 = Debug|Any CPU
		{FCF7FDC6-FE56-44BC-AA55-23E09A32E283}.Debug|x86.ActiveCfg = Debug|Any CPU
		{FCF7FDC6-FE56-44BC-AA55-23E09A32E283}.Debug|x86.Build.0 = Debug|Any CPU
		{FCF7FDC6-FE56-44BC-AA55-23E09A32E283}.Release|Any CPU.ActiveCfg = Release|Any CPU
		{FCF7FDC6-FE56-44BC-AA55-23E09A32E283}.Release|Any CPU.Build.0 = Release|Any CPU
		{FCF7FDC6-FE56-44BC-AA55-23E09A32E283}.Release|x64.ActiveCfg = Release|Any CPU
		{FCF7FDC6-FE56-44BC-AA55-23E09A32E283}.Release|x64.Build.0 = Release|Any CPU
		{FCF7FDC6-FE56-44BC-AA55-23E09A32E283}.Release|x86.ActiveCfg = Release|Any CPU
		{FCF7FDC6-FE56-44BC-AA55-23E09A32E283}.Release|x86.Build.0 = Release|Any CPU
		{BCF877A4-357A-4197-96CF-8B1C15E4CDA7}.Debug|Any CPU.ActiveCfg = Debug|Any CPU
		{BCF877A4-357A-4197-96CF-8B1C15E4CDA7}.Debug|Any CPU.Build.0 = Debug|Any CPU
		{BCF877A4-357A-4197-96CF-8B1C15E4CDA7}.Debug|x64.ActiveCfg = Debug|Any CPU
		{BCF877A4-357A-4197-96CF-8B1C15E4CDA7}.Debug|x64.Build.0 = Debug|Any CPU
		{BCF877A4-357A-4197-96CF-8B1C15E4CDA7}.Debug|x86.ActiveCfg = Debug|Any CPU
		{BCF877A4-357A-4197-96CF-8B1C15E4CDA7}.Debug|x86.Build.0 = Debug|Any CPU
		{BCF877A4-357A-4197-96CF-8B1C15E4CDA7}.Release|Any CPU.ActiveCfg = Release|Any CPU
		{BCF877A4-357A-4197-96CF-8B1C15E4CDA7}.Release|Any CPU.Build.0 = Release|Any CPU
		{BCF877A4-357A-4197-96CF-8B1C15E4CDA7}.Release|x64.ActiveCfg = Release|Any CPU
		{BCF877A4-357A-4197-96CF-8B1C15E4CDA7}.Release|x64.Build.0 = Release|Any CPU
		{BCF877A4-357A-4197-96CF-8B1C15E4CDA7}.Release|x86.ActiveCfg = Release|Any CPU
		{BCF877A4-357A-4197-96CF-8B1C15E4CDA7}.Release|x86.Build.0 = Release|Any CPU
	EndGlobalSection
	GlobalSection(SolutionProperties) = preSolution
		HideSolutionNode = FALSE
	EndGlobalSection
EndGlobal
